// !$*UTF8*$!
{
	archiveVersion = 1;
	classes = {
	};
	objectVersion = 56;
	objects = {

/* Begin PBXBuildFile section */
		5E1C0A982C287FEA00BD5C99 /* MainCoordinator.swift in Sources */ = {isa = PBXBuildFile; fileRef = 5E1C0A972C287FEA00BD5C99 /* MainCoordinator.swift */; };
		5E1C0A9B2C28878A00BD5C99 /* UIViewController+Extension.swift in Sources */ = {isa = PBXBuildFile; fileRef = 5E1C0A9A2C28878A00BD5C99 /* UIViewController+Extension.swift */; };
		5E1C0A9D2C288A0E00BD5C99 /* PokemonListVc.xib in Resources */ = {isa = PBXBuildFile; fileRef = 5E1C0A9C2C288A0E00BD5C99 /* PokemonListVc.xib */; };
		5E1C0AA02C288A8800BD5C99 /* ServiceCore.swift in Sources */ = {isa = PBXBuildFile; fileRef = 5E1C0A9F2C288A8800BD5C99 /* ServiceCore.swift */; };
		5E1C0AA32C288AEC00BD5C99 /* ComponentsContainer.swift in Sources */ = {isa = PBXBuildFile; fileRef = 5E1C0AA22C288AEC00BD5C99 /* ComponentsContainer.swift */; };
		5E1C0AA52C288B1500BD5C99 /* Container.swift in Sources */ = {isa = PBXBuildFile; fileRef = 5E1C0AA42C288B1500BD5C99 /* Container.swift */; };
		5E1C0AA72C288B2C00BD5C99 /* Core.swift in Sources */ = {isa = PBXBuildFile; fileRef = 5E1C0AA62C288B2C00BD5C99 /* Core.swift */; };
		5E1C0AAA2C28901E00BD5C99 /* PokemonListResponse.swift in Sources */ = {isa = PBXBuildFile; fileRef = 5E1C0AA92C28901E00BD5C99 /* PokemonListResponse.swift */; };
		5E1C0AAE2C28919800BD5C99 /* PokemonListVm.swift in Sources */ = {isa = PBXBuildFile; fileRef = 5E1C0AAD2C28919800BD5C99 /* PokemonListVm.swift */; };
		5E473ACF2C25F4B900F05C6C /* AppDelegate.swift in Sources */ = {isa = PBXBuildFile; fileRef = 5E473ACE2C25F4B900F05C6C /* AppDelegate.swift */; };
		5E473AD12C25F4B900F05C6C /* SceneDelegate.swift in Sources */ = {isa = PBXBuildFile; fileRef = 5E473AD02C25F4B900F05C6C /* SceneDelegate.swift */; };
		5E473AD32C25F4B900F05C6C /* PokemonListVc.swift in Sources */ = {isa = PBXBuildFile; fileRef = 5E473AD22C25F4B900F05C6C /* PokemonListVc.swift */; };
		5E473AD62C25F4B900F05C6C /* Base in Resources */ = {isa = PBXBuildFile; fileRef = 5E473AD52C25F4B900F05C6C /* Base */; };
		5E473AD82C25F4BC00F05C6C /* Assets.xcassets in Resources */ = {isa = PBXBuildFile; fileRef = 5E473AD72C25F4BC00F05C6C /* Assets.xcassets */; };
		5E473ADB2C25F4BC00F05C6C /* Base in Resources */ = {isa = PBXBuildFile; fileRef = 5E473ADA2C25F4BC00F05C6C /* Base */; };
		5E473AE62C25F4BC00F05C6C /* PokeDexTests.swift in Sources */ = {isa = PBXBuildFile; fileRef = 5E473AE52C25F4BC00F05C6C /* PokeDexTests.swift */; };
		5E4C6C4D2C2B05CE00365D96 /* PokemonSpeciesResponse.swift in Sources */ = {isa = PBXBuildFile; fileRef = 5E4C6C4C2C2B05CE00365D96 /* PokemonSpeciesResponse.swift */; };
		5E4C6C4F2C2B217D00365D96 /* UIStackView+Extension.swift in Sources */ = {isa = PBXBuildFile; fileRef = 5E4C6C4E2C2B217D00365D96 /* UIStackView+Extension.swift */; };
		5E4C6C512C2B86EB00365D96 /* UISearchBar+Extension.swift in Sources */ = {isa = PBXBuildFile; fileRef = 5E4C6C502C2B86EB00365D96 /* UISearchBar+Extension.swift */; };
		5E5270B62C2D57D3006DD4F2 /* FakeCore.swift in Sources */ = {isa = PBXBuildFile; fileRef = 5E5270B52C2D57D3006DD4F2 /* FakeCore.swift */; };
		5E5270B82C2D58F7006DD4F2 /* FakeService.swift in Sources */ = {isa = PBXBuildFile; fileRef = 5E5270B72C2D58F7006DD4F2 /* FakeService.swift */; };
		5E5270BB2C2D594B006DD4F2 /* FakeResponses.swift in Sources */ = {isa = PBXBuildFile; fileRef = 5E5270BA2C2D594B006DD4F2 /* FakeResponses.swift */; };
		5E5270BD2C2DAE26006DD4F2 /* PokemonDetailsResponse.swift in Sources */ = {isa = PBXBuildFile; fileRef = 5E5270BC2C2DAE26006DD4F2 /* PokemonDetailsResponse.swift */; };
		5E5270BE2C2DB64D006DD4F2 /* Pods_PokeDexTests.framework in Frameworks */ = {isa = PBXBuildFile; fileRef = 26673CCC96DD7308808519C9 /* Pods_PokeDexTests.framework */; };
		5E5270BF2C2DB64D006DD4F2 /* Pods_PokeDexTests.framework in Embed Frameworks */ = {isa = PBXBuildFile; fileRef = 26673CCC96DD7308808519C9 /* Pods_PokeDexTests.framework */; settings = {ATTRIBUTES = (RemoveHeadersOnCopy, ); }; };
		5E5270C12C2DB653006DD4F2 /* Pods_PokeDex_PokeDexUITests.framework in Frameworks */ = {isa = PBXBuildFile; fileRef = B28BD9A1C741772391D7AA88 /* Pods_PokeDex_PokeDexUITests.framework */; };
		5E5270C22C2DB653006DD4F2 /* Pods_PokeDex_PokeDexUITests.framework in Embed Frameworks */ = {isa = PBXBuildFile; fileRef = B28BD9A1C741772391D7AA88 /* Pods_PokeDex_PokeDexUITests.framework */; settings = {ATTRIBUTES = (RemoveHeadersOnCopy, ); }; };
		5E5270C72C2DDBD7006DD4F2 /* SpinnerViewController.swift in Sources */ = {isa = PBXBuildFile; fileRef = 5E5270C62C2DDBD7006DD4F2 /* SpinnerViewController.swift */; };
		5EDA4F1E2C298D4500BE095D /* PokemonListTableViewCell.xib in Resources */ = {isa = PBXBuildFile; fileRef = 5EDA4F1D2C298D4500BE095D /* PokemonListTableViewCell.xib */; };
		5EDA4F1F2C298D4500BE095D /* PokemonListTableViewCell.swift in Sources */ = {isa = PBXBuildFile; fileRef = 5EDA4F1C2C298D4500BE095D /* PokemonListTableViewCell.swift */; };
		5EDA4F232C298FEB00BE095D /* CellDequeuer.swift in Sources */ = {isa = PBXBuildFile; fileRef = 5EDA4F222C298FEB00BE095D /* CellDequeuer.swift */; };
		5EDA4F252C29902300BE095D /* PokemonListTableViewSourceDelegate.swift in Sources */ = {isa = PBXBuildFile; fileRef = 5EDA4F242C29902300BE095D /* PokemonListTableViewSourceDelegate.swift */; };
		CB7AD2434552D3B76AFC114C /* Pods_PokeDex.framework in Frameworks */ = {isa = PBXBuildFile; fileRef = 30530A9EA9FB9BA05CF54BDF /* Pods_PokeDex.framework */; };
/* End PBXBuildFile section */

/* Begin PBXContainerItemProxy section */
		5E473AE22C25F4BC00F05C6C /* PBXContainerItemProxy */ = {
			isa = PBXContainerItemProxy;
			containerPortal = 5E473AC32C25F4B900F05C6C /* Project object */;
			proxyType = 1;
			remoteGlobalIDString = 5E473ACA2C25F4B900F05C6C;
			remoteInfo = PokeDex;
		};
		5E473AEC2C25F4BD00F05C6C /* PBXContainerItemProxy */ = {
			isa = PBXContainerItemProxy;
			containerPortal = 5E473AC32C25F4B900F05C6C /* Project object */;
			proxyType = 1;
			remoteGlobalIDString = 5E473ACA2C25F4B900F05C6C;
			remoteInfo = PokeDex;
		};
/* End PBXContainerItemProxy section */

/* Begin PBXCopyFilesBuildPhase section */
		5E5270C02C2DB64D006DD4F2 /* Embed Frameworks */ = {
			isa = PBXCopyFilesBuildPhase;
			buildActionMask = 2147483647;
			dstPath = "";
			dstSubfolderSpec = 10;
			files = (
				5E5270BF2C2DB64D006DD4F2 /* Pods_PokeDexTests.framework in Embed Frameworks */,
			);
			name = "Embed Frameworks";
			runOnlyForDeploymentPostprocessing = 0;
		};
		5E5270C32C2DB653006DD4F2 /* Embed Frameworks */ = {
			isa = PBXCopyFilesBuildPhase;
			buildActionMask = 2147483647;
			dstPath = "";
			dstSubfolderSpec = 10;
			files = (
				5E5270C22C2DB653006DD4F2 /* Pods_PokeDex_PokeDexUITests.framework in Embed Frameworks */,
			);
			name = "Embed Frameworks";
			runOnlyForDeploymentPostprocessing = 0;
		};
/* End PBXCopyFilesBuildPhase section */

/* Begin PBXFileReference section */
		171FEF1CE3DC032E71DF2529 /* Pods-PokeDexTests.debug.xcconfig */ = {isa = PBXFileReference; includeInIndex = 1; lastKnownFileType = text.xcconfig; name = "Pods-PokeDexTests.debug.xcconfig"; path = "Target Support Files/Pods-PokeDexTests/Pods-PokeDexTests.debug.xcconfig"; sourceTree = "<group>"; };
		1AEB65E786A2CD6F2360D739 /* Pods-PokeDex.debug.xcconfig */ = {isa = PBXFileReference; includeInIndex = 1; lastKnownFileType = text.xcconfig; name = "Pods-PokeDex.debug.xcconfig"; path = "Target Support Files/Pods-PokeDex/Pods-PokeDex.debug.xcconfig"; sourceTree = "<group>"; };
		2000331DBACD308FB3FB3A78 /* Pods-PokeDex-PokeDexUITests.debug.xcconfig */ = {isa = PBXFileReference; includeInIndex = 1; lastKnownFileType = text.xcconfig; name = "Pods-PokeDex-PokeDexUITests.debug.xcconfig"; path = "Target Support Files/Pods-PokeDex-PokeDexUITests/Pods-PokeDex-PokeDexUITests.debug.xcconfig"; sourceTree = "<group>"; };
		26673CCC96DD7308808519C9 /* Pods_PokeDexTests.framework */ = {isa = PBXFileReference; explicitFileType = wrapper.framework; includeInIndex = 0; path = Pods_PokeDexTests.framework; sourceTree = BUILT_PRODUCTS_DIR; };
		30530A9EA9FB9BA05CF54BDF /* Pods_PokeDex.framework */ = {isa = PBXFileReference; explicitFileType = wrapper.framework; includeInIndex = 0; path = Pods_PokeDex.framework; sourceTree = BUILT_PRODUCTS_DIR; };
		5E1C0A972C287FEA00BD5C99 /* MainCoordinator.swift */ = {isa = PBXFileReference; lastKnownFileType = sourcecode.swift; path = MainCoordinator.swift; sourceTree = "<group>"; };
		5E1C0A9A2C28878A00BD5C99 /* UIViewController+Extension.swift */ = {isa = PBXFileReference; lastKnownFileType = sourcecode.swift; path = "UIViewController+Extension.swift"; sourceTree = "<group>"; };
		5E1C0A9C2C288A0E00BD5C99 /* PokemonListVc.xib */ = {isa = PBXFileReference; lastKnownFileType = file.xib; path = PokemonListVc.xib; sourceTree = "<group>"; };
		5E1C0A9F2C288A8800BD5C99 /* ServiceCore.swift */ = {isa = PBXFileReference; lastKnownFileType = sourcecode.swift; path = ServiceCore.swift; sourceTree = "<group>"; };
		5E1C0AA22C288AEC00BD5C99 /* ComponentsContainer.swift */ = {isa = PBXFileReference; lastKnownFileType = sourcecode.swift; path = ComponentsContainer.swift; sourceTree = "<group>"; };
		5E1C0AA42C288B1500BD5C99 /* Container.swift */ = {isa = PBXFileReference; lastKnownFileType = sourcecode.swift; path = Container.swift; sourceTree = "<group>"; };
		5E1C0AA62C288B2C00BD5C99 /* Core.swift */ = {isa = PBXFileReference; lastKnownFileType = sourcecode.swift; path = Core.swift; sourceTree = "<group>"; };
		5E1C0AA92C28901E00BD5C99 /* PokemonListResponse.swift */ = {isa = PBXFileReference; lastKnownFileType = sourcecode.swift; path = PokemonListResponse.swift; sourceTree = "<group>"; };
		5E1C0AAD2C28919800BD5C99 /* PokemonListVm.swift */ = {isa = PBXFileReference; lastKnownFileType = sourcecode.swift; path = PokemonListVm.swift; sourceTree = "<group>"; };
		5E473ACB2C25F4B900F05C6C /* PokeDex.app */ = {isa = PBXFileReference; explicitFileType = wrapper.application; includeInIndex = 0; path = PokeDex.app; sourceTree = BUILT_PRODUCTS_DIR; };
		5E473ACE2C25F4B900F05C6C /* AppDelegate.swift */ = {isa = PBXFileReference; lastKnownFileType = sourcecode.swift; path = AppDelegate.swift; sourceTree = "<group>"; };
		5E473AD02C25F4B900F05C6C /* SceneDelegate.swift */ = {isa = PBXFileReference; lastKnownFileType = sourcecode.swift; path = SceneDelegate.swift; sourceTree = "<group>"; };
		5E473AD22C25F4B900F05C6C /* PokemonListVc.swift */ = {isa = PBXFileReference; lastKnownFileType = sourcecode.swift; path = PokemonListVc.swift; sourceTree = "<group>"; };
		5E473AD52C25F4B900F05C6C /* Base */ = {isa = PBXFileReference; lastKnownFileType = file.storyboard; name = Base; path = Base.lproj/Main.storyboard; sourceTree = "<group>"; };
		5E473AD72C25F4BC00F05C6C /* Assets.xcassets */ = {isa = PBXFileReference; lastKnownFileType = folder.assetcatalog; path = Assets.xcassets; sourceTree = "<group>"; };
		5E473ADA2C25F4BC00F05C6C /* Base */ = {isa = PBXFileReference; lastKnownFileType = file.storyboard; name = Base; path = Base.lproj/LaunchScreen.storyboard; sourceTree = "<group>"; };
		5E473ADC2C25F4BC00F05C6C /* Info.plist */ = {isa = PBXFileReference; lastKnownFileType = text.plist.xml; path = Info.plist; sourceTree = "<group>"; };
		5E473AE12C25F4BC00F05C6C /* PokeDexTests.xctest */ = {isa = PBXFileReference; explicitFileType = wrapper.cfbundle; includeInIndex = 0; path = PokeDexTests.xctest; sourceTree = BUILT_PRODUCTS_DIR; };
		5E473AE52C25F4BC00F05C6C /* PokeDexTests.swift */ = {isa = PBXFileReference; lastKnownFileType = sourcecode.swift; path = PokeDexTests.swift; sourceTree = "<group>"; };
		5E473AEB2C25F4BD00F05C6C /* PokeDexUITests.xctest */ = {isa = PBXFileReference; explicitFileType = wrapper.cfbundle; includeInIndex = 0; path = PokeDexUITests.xctest; sourceTree = BUILT_PRODUCTS_DIR; };
		5E4C6C4C2C2B05CE00365D96 /* PokemonSpeciesResponse.swift */ = {isa = PBXFileReference; lastKnownFileType = sourcecode.swift; path = PokemonSpeciesResponse.swift; sourceTree = "<group>"; };
		5E4C6C4E2C2B217D00365D96 /* UIStackView+Extension.swift */ = {isa = PBXFileReference; lastKnownFileType = sourcecode.swift; path = "UIStackView+Extension.swift"; sourceTree = "<group>"; };
		5E4C6C502C2B86EB00365D96 /* UISearchBar+Extension.swift */ = {isa = PBXFileReference; lastKnownFileType = sourcecode.swift; path = "UISearchBar+Extension.swift"; sourceTree = "<group>"; };
		5E5270B52C2D57D3006DD4F2 /* FakeCore.swift */ = {isa = PBXFileReference; lastKnownFileType = sourcecode.swift; path = FakeCore.swift; sourceTree = "<group>"; };
		5E5270B72C2D58F7006DD4F2 /* FakeService.swift */ = {isa = PBXFileReference; lastKnownFileType = sourcecode.swift; path = FakeService.swift; sourceTree = "<group>"; };
		5E5270BA2C2D594B006DD4F2 /* FakeResponses.swift */ = {isa = PBXFileReference; lastKnownFileType = sourcecode.swift; path = FakeResponses.swift; sourceTree = "<group>"; };
		5E5270BC2C2DAE26006DD4F2 /* PokemonDetailsResponse.swift */ = {isa = PBXFileReference; lastKnownFileType = sourcecode.swift; path = PokemonDetailsResponse.swift; sourceTree = "<group>"; };
		5E5270C62C2DDBD7006DD4F2 /* SpinnerViewController.swift */ = {isa = PBXFileReference; lastKnownFileType = sourcecode.swift; path = SpinnerViewController.swift; sourceTree = "<group>"; };
		5EDA4F1C2C298D4500BE095D /* PokemonListTableViewCell.swift */ = {isa = PBXFileReference; lastKnownFileType = sourcecode.swift; path = PokemonListTableViewCell.swift; sourceTree = "<group>"; };
		5EDA4F1D2C298D4500BE095D /* PokemonListTableViewCell.xib */ = {isa = PBXFileReference; lastKnownFileType = file.xib; path = PokemonListTableViewCell.xib; sourceTree = "<group>"; };
		5EDA4F222C298FEB00BE095D /* CellDequeuer.swift */ = {isa = PBXFileReference; lastKnownFileType = sourcecode.swift; path = CellDequeuer.swift; sourceTree = "<group>"; };
		5EDA4F242C29902300BE095D /* PokemonListTableViewSourceDelegate.swift */ = {isa = PBXFileReference; lastKnownFileType = sourcecode.swift; path = PokemonListTableViewSourceDelegate.swift; sourceTree = "<group>"; };
		89D145D226E2FB5678386812 /* Pods-PokeDex-PokeDexUITests.release.xcconfig */ = {isa = PBXFileReference; includeInIndex = 1; lastKnownFileType = text.xcconfig; name = "Pods-PokeDex-PokeDexUITests.release.xcconfig"; path = "Target Support Files/Pods-PokeDex-PokeDexUITests/Pods-PokeDex-PokeDexUITests.release.xcconfig"; sourceTree = "<group>"; };
		A93E5E5BA08F41DBDA4D141F /* Pods-PokeDexTests.release.xcconfig */ = {isa = PBXFileReference; includeInIndex = 1; lastKnownFileType = text.xcconfig; name = "Pods-PokeDexTests.release.xcconfig"; path = "Target Support Files/Pods-PokeDexTests/Pods-PokeDexTests.release.xcconfig"; sourceTree = "<group>"; };
		B28BD9A1C741772391D7AA88 /* Pods_PokeDex_PokeDexUITests.framework */ = {isa = PBXFileReference; explicitFileType = wrapper.framework; includeInIndex = 0; path = Pods_PokeDex_PokeDexUITests.framework; sourceTree = BUILT_PRODUCTS_DIR; };
		CE101316A98D53A6EEAB54C2 /* Pods-PokeDex.release.xcconfig */ = {isa = PBXFileReference; includeInIndex = 1; lastKnownFileType = text.xcconfig; name = "Pods-PokeDex.release.xcconfig"; path = "Target Support Files/Pods-PokeDex/Pods-PokeDex.release.xcconfig"; sourceTree = "<group>"; };
/* End PBXFileReference section */

/* Begin PBXFrameworksBuildPhase section */
		5E473AC82C25F4B900F05C6C /* Frameworks */ = {
			isa = PBXFrameworksBuildPhase;
			buildActionMask = 2147483647;
			files = (
				CB7AD2434552D3B76AFC114C /* Pods_PokeDex.framework in Frameworks */,
			);
			runOnlyForDeploymentPostprocessing = 0;
		};
		5E473ADE2C25F4BC00F05C6C /* Frameworks */ = {
			isa = PBXFrameworksBuildPhase;
			buildActionMask = 2147483647;
			files = (
				5E5270BE2C2DB64D006DD4F2 /* Pods_PokeDexTests.framework in Frameworks */,
			);
			runOnlyForDeploymentPostprocessing = 0;
		};
		5E473AE82C25F4BD00F05C6C /* Frameworks */ = {
			isa = PBXFrameworksBuildPhase;
			buildActionMask = 2147483647;
			files = (
				5E5270C12C2DB653006DD4F2 /* Pods_PokeDex_PokeDexUITests.framework in Frameworks */,
			);
			runOnlyForDeploymentPostprocessing = 0;
		};
/* End PBXFrameworksBuildPhase section */

/* Begin PBXGroup section */
		5E1C0A962C287FBB00BD5C99 /* Coordinator */ = {
			isa = PBXGroup;
			children = (
				5E1C0A972C287FEA00BD5C99 /* MainCoordinator.swift */,
			);
			path = Coordinator;
			sourceTree = "<group>";
		};
		5E1C0A992C28874F00BD5C99 /* Extension */ = {
			isa = PBXGroup;
			children = (
				5E1C0A9A2C28878A00BD5C99 /* UIViewController+Extension.swift */,
				5E4C6C4E2C2B217D00365D96 /* UIStackView+Extension.swift */,
				5E4C6C502C2B86EB00365D96 /* UISearchBar+Extension.swift */,
			);
			path = Extension;
			sourceTree = "<group>";
		};
		5E1C0A9E2C288A6A00BD5C99 /* ServiceCore */ = {
			isa = PBXGroup;
			children = (
				5E1C0A9F2C288A8800BD5C99 /* ServiceCore.swift */,
				5E1C0AA12C288ADB00BD5C99 /* Container */,
			);
			path = ServiceCore;
			sourceTree = "<group>";
		};
		5E1C0AA12C288ADB00BD5C99 /* Container */ = {
			isa = PBXGroup;
			children = (
				5E1C0AA22C288AEC00BD5C99 /* ComponentsContainer.swift */,
				5E1C0AA42C288B1500BD5C99 /* Container.swift */,
				5E1C0AA62C288B2C00BD5C99 /* Core.swift */,
			);
			path = Container;
			sourceTree = "<group>";
		};
		5E1C0AA82C288FE300BD5C99 /* Domain */ = {
			isa = PBXGroup;
			children = (
				5E1C0AA92C28901E00BD5C99 /* PokemonListResponse.swift */,
				5E4C6C4C2C2B05CE00365D96 /* PokemonSpeciesResponse.swift */,
				5E5270BC2C2DAE26006DD4F2 /* PokemonDetailsResponse.swift */,
			);
			path = Domain;
			sourceTree = "<group>";
		};
		5E1C0AAB2C28916F00BD5C99 /* ViewControllers */ = {
			isa = PBXGroup;
			children = (
				5E473AD22C25F4B900F05C6C /* PokemonListVc.swift */,
			);
			path = ViewControllers;
			sourceTree = "<group>";
		};
		5E1C0AAC2C28917E00BD5C99 /* ViewModels */ = {
			isa = PBXGroup;
			children = (
				5E1C0AAD2C28919800BD5C99 /* PokemonListVm.swift */,
			);
			path = ViewModels;
			sourceTree = "<group>";
		};
		5E1C0AAF2C2891A900BD5C99 /* UIComponents */ = {
			isa = PBXGroup;
			children = (
				5EDA4F152C298B7500BE095D /* Cells */,
				5E1C0A9C2C288A0E00BD5C99 /* PokemonListVc.xib */,
				5E5270C62C2DDBD7006DD4F2 /* SpinnerViewController.swift */,
			);
			path = UIComponents;
			sourceTree = "<group>";
		};
		5E473AC22C25F4B900F05C6C = {
			isa = PBXGroup;
			children = (
				5E473ACD2C25F4B900F05C6C /* PokeDex */,
				5E473AE42C25F4BC00F05C6C /* PokeDexTests */,
				5E473ACC2C25F4B900F05C6C /* Products */,
				7A4F95AC515854CD0C4C79F0 /* Pods */,
				927F8344FFDA0CE930F5B249 /* Frameworks */,
			);
			sourceTree = "<group>";
		};
		5E473ACC2C25F4B900F05C6C /* Products */ = {
			isa = PBXGroup;
			children = (
				5E473ACB2C25F4B900F05C6C /* PokeDex.app */,
				5E473AE12C25F4BC00F05C6C /* PokeDexTests.xctest */,
				5E473AEB2C25F4BD00F05C6C /* PokeDexUITests.xctest */,
			);
			name = Products;
			sourceTree = "<group>";
		};
		5E473ACD2C25F4B900F05C6C /* PokeDex */ = {
			isa = PBXGroup;
			children = (
				5E473ACE2C25F4B900F05C6C /* AppDelegate.swift */,
				5E473AD02C25F4B900F05C6C /* SceneDelegate.swift */,
				5EDA4F202C298FCA00BE095D /* Utilities */,
				5E1C0AAF2C2891A900BD5C99 /* UIComponents */,
				5E1C0A962C287FBB00BD5C99 /* Coordinator */,
				5E1C0AAB2C28916F00BD5C99 /* ViewControllers */,
				5E1C0AAC2C28917E00BD5C99 /* ViewModels */,
				5E1C0AA82C288FE300BD5C99 /* Domain */,
				5E1C0A9E2C288A6A00BD5C99 /* ServiceCore */,
				5E473AD42C25F4B900F05C6C /* Main.storyboard */,
				5E473AD72C25F4BC00F05C6C /* Assets.xcassets */,
				5E473AD92C25F4BC00F05C6C /* LaunchScreen.storyboard */,
				5E473ADC2C25F4BC00F05C6C /* Info.plist */,
			);
			path = PokeDex;
			sourceTree = "<group>";
		};
		5E473AE42C25F4BC00F05C6C /* PokeDexTests */ = {
			isa = PBXGroup;
			children = (
				5E5270B42C2D57BE006DD4F2 /* FakeObjects */,
				5E473AE52C25F4BC00F05C6C /* PokeDexTests.swift */,
			);
			path = PokeDexTests;
			sourceTree = "<group>";
		};
		5E5270B42C2D57BE006DD4F2 /* FakeObjects */ = {
			isa = PBXGroup;
			children = (
				5E5270B52C2D57D3006DD4F2 /* FakeCore.swift */,
				5E5270B72C2D58F7006DD4F2 /* FakeService.swift */,
				5E5270B92C2D5938006DD4F2 /* FakeResponses */,
			);
			path = FakeObjects;
			sourceTree = "<group>";
		};
		5E5270B92C2D5938006DD4F2 /* FakeResponses */ = {
			isa = PBXGroup;
			children = (
				5E5270BA2C2D594B006DD4F2 /* FakeResponses.swift */,
			);
			path = FakeResponses;
			sourceTree = "<group>";
		};
		5EDA4F152C298B7500BE095D /* Cells */ = {
			isa = PBXGroup;
			children = (
				5EDA4F1C2C298D4500BE095D /* PokemonListTableViewCell.swift */,
				5EDA4F242C29902300BE095D /* PokemonListTableViewSourceDelegate.swift */,
				5EDA4F1D2C298D4500BE095D /* PokemonListTableViewCell.xib */,
			);
			path = Cells;
			sourceTree = "<group>";
		};
		5EDA4F202C298FCA00BE095D /* Utilities */ = {
			isa = PBXGroup;
			children = (
				5EDA4F212C298FD800BE095D /* Protocols */,
				5E1C0A992C28874F00BD5C99 /* Extension */,
			);
			path = Utilities;
			sourceTree = "<group>";
		};
		5EDA4F212C298FD800BE095D /* Protocols */ = {
			isa = PBXGroup;
			children = (
				5EDA4F222C298FEB00BE095D /* CellDequeuer.swift */,
			);
			path = Protocols;
			sourceTree = "<group>";
		};
		7A4F95AC515854CD0C4C79F0 /* Pods */ = {
			isa = PBXGroup;
			children = (
				1AEB65E786A2CD6F2360D739 /* Pods-PokeDex.debug.xcconfig */,
				CE101316A98D53A6EEAB54C2 /* Pods-PokeDex.release.xcconfig */,
				2000331DBACD308FB3FB3A78 /* Pods-PokeDex-PokeDexUITests.debug.xcconfig */,
				89D145D226E2FB5678386812 /* Pods-PokeDex-PokeDexUITests.release.xcconfig */,
				171FEF1CE3DC032E71DF2529 /* Pods-PokeDexTests.debug.xcconfig */,
				A93E5E5BA08F41DBDA4D141F /* Pods-PokeDexTests.release.xcconfig */,
			);
			path = Pods;
			sourceTree = "<group>";
		};
		927F8344FFDA0CE930F5B249 /* Frameworks */ = {
			isa = PBXGroup;
			children = (
				30530A9EA9FB9BA05CF54BDF /* Pods_PokeDex.framework */,
				B28BD9A1C741772391D7AA88 /* Pods_PokeDex_PokeDexUITests.framework */,
				26673CCC96DD7308808519C9 /* Pods_PokeDexTests.framework */,
			);
			name = Frameworks;
			sourceTree = "<group>";
		};
/* End PBXGroup section */

/* Begin PBXNativeTarget section */
		5E473ACA2C25F4B900F05C6C /* PokeDex */ = {
			isa = PBXNativeTarget;
			buildConfigurationList = 5E473AF52C25F4BD00F05C6C /* Build configuration list for PBXNativeTarget "PokeDex" */;
			buildPhases = (
				D5423DE61FA0EA21E6D17843 /* [CP] Check Pods Manifest.lock */,
				5E473AC72C25F4B900F05C6C /* Sources */,
				5E473AC82C25F4B900F05C6C /* Frameworks */,
				5E473AC92C25F4B900F05C6C /* Resources */,
				E412E0CCC872585783855F55 /* [CP] Embed Pods Frameworks */,
			);
			buildRules = (
			);
			dependencies = (
			);
			name = PokeDex;
			productName = PokeDex;
			productReference = 5E473ACB2C25F4B900F05C6C /* PokeDex.app */;
			productType = "com.apple.product-type.application";
		};
		5E473AE02C25F4BC00F05C6C /* PokeDexTests */ = {
			isa = PBXNativeTarget;
			buildConfigurationList = 5E473AF82C25F4BD00F05C6C /* Build configuration list for PBXNativeTarget "PokeDexTests" */;
			buildPhases = (
				470D82F1282D461DA906EEC0 /* [CP] Check Pods Manifest.lock */,
				5E473ADD2C25F4BC00F05C6C /* Sources */,
				5E473ADE2C25F4BC00F05C6C /* Frameworks */,
				5E473ADF2C25F4BC00F05C6C /* Resources */,
				5E5270C02C2DB64D006DD4F2 /* Embed Frameworks */,
			);
			buildRules = (
			);
			dependencies = (
				5E473AE32C25F4BC00F05C6C /* PBXTargetDependency */,
			);
			name = PokeDexTests;
			productName = PokeDexTests;
			productReference = 5E473AE12C25F4BC00F05C6C /* PokeDexTests.xctest */;
			productType = "com.apple.product-type.bundle.unit-test";
		};
		5E473AEA2C25F4BD00F05C6C /* PokeDexUITests */ = {
			isa = PBXNativeTarget;
			buildConfigurationList = 5E473AFB2C25F4BD00F05C6C /* Build configuration list for PBXNativeTarget "PokeDexUITests" */;
			buildPhases = (
				6A8B6A0836001CAA0C0672DE /* [CP] Check Pods Manifest.lock */,
				5E473AE72C25F4BD00F05C6C /* Sources */,
				5E473AE82C25F4BD00F05C6C /* Frameworks */,
				5E473AE92C25F4BD00F05C6C /* Resources */,
				DDF4FF4C06C8CCB1066AA4F7 /* [CP] Embed Pods Frameworks */,
				5E5270C32C2DB653006DD4F2 /* Embed Frameworks */,
			);
			buildRules = (
			);
			dependencies = (
				5E473AED2C25F4BD00F05C6C /* PBXTargetDependency */,
			);
			name = PokeDexUITests;
			productName = PokeDexUITests;
			productReference = 5E473AEB2C25F4BD00F05C6C /* PokeDexUITests.xctest */;
			productType = "com.apple.product-type.bundle.ui-testing";
		};
/* End PBXNativeTarget section */

/* Begin PBXProject section */
		5E473AC32C25F4B900F05C6C /* Project object */ = {
			isa = PBXProject;
			attributes = {
				BuildIndependentTargetsInParallel = 1;
				LastSwiftUpdateCheck = 1540;
				LastUpgradeCheck = 1540;
				TargetAttributes = {
					5E473ACA2C25F4B900F05C6C = {
						CreatedOnToolsVersion = 15.4;
					};
					5E473AE02C25F4BC00F05C6C = {
						CreatedOnToolsVersion = 15.4;
						TestTargetID = 5E473ACA2C25F4B900F05C6C;
					};
					5E473AEA2C25F4BD00F05C6C = {
						CreatedOnToolsVersion = 15.4;
						TestTargetID = 5E473ACA2C25F4B900F05C6C;
					};
				};
			};
			buildConfigurationList = 5E473AC62C25F4B900F05C6C /* Build configuration list for PBXProject "PokeDex" */;
			compatibilityVersion = "Xcode 14.0";
			developmentRegion = en;
			hasScannedForEncodings = 0;
			knownRegions = (
				en,
				Base,
			);
			mainGroup = 5E473AC22C25F4B900F05C6C;
			productRefGroup = 5E473ACC2C25F4B900F05C6C /* Products */;
			projectDirPath = "";
			projectRoot = "";
			targets = (
				5E473ACA2C25F4B900F05C6C /* PokeDex */,
				5E473AE02C25F4BC00F05C6C /* PokeDexTests */,
				5E473AEA2C25F4BD00F05C6C /* PokeDexUITests */,
			);
		};
/* End PBXProject section */

/* Begin PBXResourcesBuildPhase section */
		5E473AC92C25F4B900F05C6C /* Resources */ = {
			isa = PBXResourcesBuildPhase;
			buildActionMask = 2147483647;
			files = (
				5EDA4F1E2C298D4500BE095D /* PokemonListTableViewCell.xib in Resources */,
				5E1C0A9D2C288A0E00BD5C99 /* PokemonListVc.xib in Resources */,
				5E473AD82C25F4BC00F05C6C /* Assets.xcassets in Resources */,
				5E473ADB2C25F4BC00F05C6C /* Base in Resources */,
				5E473AD62C25F4B900F05C6C /* Base in Resources */,
			);
			runOnlyForDeploymentPostprocessing = 0;
		};
		5E473ADF2C25F4BC00F05C6C /* Resources */ = {
			isa = PBXResourcesBuildPhase;
			buildActionMask = 2147483647;
			files = (
			);
			runOnlyForDeploymentPostprocessing = 0;
		};
		5E473AE92C25F4BD00F05C6C /* Resources */ = {
			isa = PBXResourcesBuildPhase;
			buildActionMask = 2147483647;
			files = (
			);
			runOnlyForDeploymentPostprocessing = 0;
		};
/* End PBXResourcesBuildPhase section */

/* Begin PBXShellScriptBuildPhase section */
		470D82F1282D461DA906EEC0 /* [CP] Check Pods Manifest.lock */ = {
			isa = PBXShellScriptBuildPhase;
			buildActionMask = 2147483647;
			files = (
			);
			inputFileListPaths = (
			);
			inputPaths = (
				"${PODS_PODFILE_DIR_PATH}/Podfile.lock",
				"${PODS_ROOT}/Manifest.lock",
			);
			name = "[CP] Check Pods Manifest.lock";
			outputFileListPaths = (
			);
			outputPaths = (
				"$(DERIVED_FILE_DIR)/Pods-PokeDexTests-checkManifestLockResult.txt",
			);
			runOnlyForDeploymentPostprocessing = 0;
			shellPath = /bin/sh;
			shellScript = "diff \"${PODS_PODFILE_DIR_PATH}/Podfile.lock\" \"${PODS_ROOT}/Manifest.lock\" > /dev/null\nif [ $? != 0 ] ; then\n    # print error to STDERR\n    echo \"error: The sandbox is not in sync with the Podfile.lock. Run 'pod install' or update your CocoaPods installation.\" >&2\n    exit 1\nfi\n# This output is used by Xcode 'outputs' to avoid re-running this script phase.\necho \"SUCCESS\" > \"${SCRIPT_OUTPUT_FILE_0}\"\n";
			showEnvVarsInLog = 0;
		};
		6A8B6A0836001CAA0C0672DE /* [CP] Check Pods Manifest.lock */ = {
			isa = PBXShellScriptBuildPhase;
			buildActionMask = 2147483647;
			files = (
			);
			inputFileListPaths = (
			);
			inputPaths = (
				"${PODS_PODFILE_DIR_PATH}/Podfile.lock",
				"${PODS_ROOT}/Manifest.lock",
			);
			name = "[CP] Check Pods Manifest.lock";
			outputFileListPaths = (
			);
			outputPaths = (
				"$(DERIVED_FILE_DIR)/Pods-PokeDex-PokeDexUITests-checkManifestLockResult.txt",
			);
			runOnlyForDeploymentPostprocessing = 0;
			shellPath = /bin/sh;
			shellScript = "diff \"${PODS_PODFILE_DIR_PATH}/Podfile.lock\" \"${PODS_ROOT}/Manifest.lock\" > /dev/null\nif [ $? != 0 ] ; then\n    # print error to STDERR\n    echo \"error: The sandbox is not in sync with the Podfile.lock. Run 'pod install' or update your CocoaPods installation.\" >&2\n    exit 1\nfi\n# This output is used by Xcode 'outputs' to avoid re-running this script phase.\necho \"SUCCESS\" > \"${SCRIPT_OUTPUT_FILE_0}\"\n";
			showEnvVarsInLog = 0;
		};
		D5423DE61FA0EA21E6D17843 /* [CP] Check Pods Manifest.lock */ = {
			isa = PBXShellScriptBuildPhase;
			buildActionMask = 2147483647;
			files = (
			);
			inputFileListPaths = (
			);
			inputPaths = (
				"${PODS_PODFILE_DIR_PATH}/Podfile.lock",
				"${PODS_ROOT}/Manifest.lock",
			);
			name = "[CP] Check Pods Manifest.lock";
			outputFileListPaths = (
			);
			outputPaths = (
				"$(DERIVED_FILE_DIR)/Pods-PokeDex-checkManifestLockResult.txt",
			);
			runOnlyForDeploymentPostprocessing = 0;
			shellPath = /bin/sh;
			shellScript = "diff \"${PODS_PODFILE_DIR_PATH}/Podfile.lock\" \"${PODS_ROOT}/Manifest.lock\" > /dev/null\nif [ $? != 0 ] ; then\n    # print error to STDERR\n    echo \"error: The sandbox is not in sync with the Podfile.lock. Run 'pod install' or update your CocoaPods installation.\" >&2\n    exit 1\nfi\n# This output is used by Xcode 'outputs' to avoid re-running this script phase.\necho \"SUCCESS\" > \"${SCRIPT_OUTPUT_FILE_0}\"\n";
			showEnvVarsInLog = 0;
		};
		DDF4FF4C06C8CCB1066AA4F7 /* [CP] Embed Pods Frameworks */ = {
			isa = PBXShellScriptBuildPhase;
			buildActionMask = 2147483647;
			files = (
			);
			inputFileListPaths = (
				"${PODS_ROOT}/Target Support Files/Pods-PokeDex-PokeDexUITests/Pods-PokeDex-PokeDexUITests-frameworks-${CONFIGURATION}-input-files.xcfilelist",
			);
			name = "[CP] Embed Pods Frameworks";
			outputFileListPaths = (
				"${PODS_ROOT}/Target Support Files/Pods-PokeDex-PokeDexUITests/Pods-PokeDex-PokeDexUITests-frameworks-${CONFIGURATION}-output-files.xcfilelist",
			);
			runOnlyForDeploymentPostprocessing = 0;
			shellPath = /bin/sh;
			shellScript = "\"${PODS_ROOT}/Target Support Files/Pods-PokeDex-PokeDexUITests/Pods-PokeDex-PokeDexUITests-frameworks.sh\"\n";
			showEnvVarsInLog = 0;
		};
		E412E0CCC872585783855F55 /* [CP] Embed Pods Frameworks */ = {
			isa = PBXShellScriptBuildPhase;
			buildActionMask = 2147483647;
			files = (
			);
			inputFileListPaths = (
				"${PODS_ROOT}/Target Support Files/Pods-PokeDex/Pods-PokeDex-frameworks-${CONFIGURATION}-input-files.xcfilelist",
			);
			name = "[CP] Embed Pods Frameworks";
			outputFileListPaths = (
				"${PODS_ROOT}/Target Support Files/Pods-PokeDex/Pods-PokeDex-frameworks-${CONFIGURATION}-output-files.xcfilelist",
			);
			runOnlyForDeploymentPostprocessing = 0;
			shellPath = /bin/sh;
			shellScript = "\"${PODS_ROOT}/Target Support Files/Pods-PokeDex/Pods-PokeDex-frameworks.sh\"\n";
			showEnvVarsInLog = 0;
		};
/* End PBXShellScriptBuildPhase section */

/* Begin PBXSourcesBuildPhase section */
		5E473AC72C25F4B900F05C6C /* Sources */ = {
			isa = PBXSourcesBuildPhase;
			buildActionMask = 2147483647;
			files = (
				5E4C6C4D2C2B05CE00365D96 /* PokemonSpeciesResponse.swift in Sources */,
				5E1C0AA72C288B2C00BD5C99 /* Core.swift in Sources */,
				5E1C0AAE2C28919800BD5C99 /* PokemonListVm.swift in Sources */,
				5E1C0AA02C288A8800BD5C99 /* ServiceCore.swift in Sources */,
				5E4C6C512C2B86EB00365D96 /* UISearchBar+Extension.swift in Sources */,
				5E1C0AAA2C28901E00BD5C99 /* PokemonListResponse.swift in Sources */,
				5E5270C72C2DDBD7006DD4F2 /* SpinnerViewController.swift in Sources */,
				5E473AD32C25F4B900F05C6C /* PokemonListVc.swift in Sources */,
				5E1C0A982C287FEA00BD5C99 /* MainCoordinator.swift in Sources */,
				5E473ACF2C25F4B900F05C6C /* AppDelegate.swift in Sources */,
				5E1C0A9B2C28878A00BD5C99 /* UIViewController+Extension.swift in Sources */,
				5E1C0AA52C288B1500BD5C99 /* Container.swift in Sources */,
				5EDA4F232C298FEB00BE095D /* CellDequeuer.swift in Sources */,
				5EDA4F1F2C298D4500BE095D /* PokemonListTableViewCell.swift in Sources */,
				5EDA4F252C29902300BE095D /* PokemonListTableViewSourceDelegate.swift in Sources */,
				5E4C6C4F2C2B217D00365D96 /* UIStackView+Extension.swift in Sources */,
				5E5270BD2C2DAE26006DD4F2 /* PokemonDetailsResponse.swift in Sources */,
				5E1C0AA32C288AEC00BD5C99 /* ComponentsContainer.swift in Sources */,
				5E473AD12C25F4B900F05C6C /* SceneDelegate.swift in Sources */,
			);
			runOnlyForDeploymentPostprocessing = 0;
		};
		5E473ADD2C25F4BC00F05C6C /* Sources */ = {
			isa = PBXSourcesBuildPhase;
			buildActionMask = 2147483647;
			files = (
				5E5270B82C2D58F7006DD4F2 /* FakeService.swift in Sources */,
				5E473AE62C25F4BC00F05C6C /* PokeDexTests.swift in Sources */,
				5E5270B62C2D57D3006DD4F2 /* FakeCore.swift in Sources */,
				5E5270BB2C2D594B006DD4F2 /* FakeResponses.swift in Sources */,
			);
			runOnlyForDeploymentPostprocessing = 0;
		};
		5E473AE72C25F4BD00F05C6C /* Sources */ = {
			isa = PBXSourcesBuildPhase;
			buildActionMask = 2147483647;
			files = (
			);
			runOnlyForDeploymentPostprocessing = 0;
		};
/* End PBXSourcesBuildPhase section */

/* Begin PBXTargetDependency section */
		5E473AE32C25F4BC00F05C6C /* PBXTargetDependency */ = {
			isa = PBXTargetDependency;
			target = 5E473ACA2C25F4B900F05C6C /* PokeDex */;
			targetProxy = 5E473AE22C25F4BC00F05C6C /* PBXContainerItemProxy */;
		};
		5E473AED2C25F4BD00F05C6C /* PBXTargetDependency */ = {
			isa = PBXTargetDependency;
			target = 5E473ACA2C25F4B900F05C6C /* PokeDex */;
			targetProxy = 5E473AEC2C25F4BD00F05C6C /* PBXContainerItemProxy */;
		};
/* End PBXTargetDependency section */

/* Begin PBXVariantGroup section */
		5E473AD42C25F4B900F05C6C /* Main.storyboard */ = {
			isa = PBXVariantGroup;
			children = (
				5E473AD52C25F4B900F05C6C /* Base */,
			);
			name = Main.storyboard;
			sourceTree = "<group>";
		};
		5E473AD92C25F4BC00F05C6C /* LaunchScreen.storyboard */ = {
			isa = PBXVariantGroup;
			children = (
				5E473ADA2C25F4BC00F05C6C /* Base */,
			);
			name = LaunchScreen.storyboard;
			sourceTree = "<group>";
		};
/* End PBXVariantGroup section */

/* Begin XCBuildConfiguration section */
		5E473AF32C25F4BD00F05C6C /* Debug */ = {
			isa = XCBuildConfiguration;
			buildSettings = {
				ALWAYS_SEARCH_USER_PATHS = NO;
				ASSETCATALOG_COMPILER_GENERATE_SWIFT_ASSET_SYMBOL_EXTENSIONS = YES;
				CLANG_ANALYZER_NONNULL = YES;
				CLANG_ANALYZER_NUMBER_OBJECT_CONVERSION = YES_AGGRESSIVE;
				CLANG_CXX_LANGUAGE_STANDARD = "gnu++20";
				CLANG_ENABLE_MODULES = YES;
				CLANG_ENABLE_OBJC_ARC = YES;
				CLANG_ENABLE_OBJC_WEAK = YES;
				CLANG_WARN_BLOCK_CAPTURE_AUTORELEASING = YES;
				CLANG_WARN_BOOL_CONVERSION = YES;
				CLANG_WARN_COMMA = YES;
				CLANG_WARN_CONSTANT_CONVERSION = YES;
				CLANG_WARN_DEPRECATED_OBJC_IMPLEMENTATIONS = YES;
				CLANG_WARN_DIRECT_OBJC_ISA_USAGE = YES_ERROR;
				CLANG_WARN_DOCUMENTATION_COMMENTS = YES;
				CLANG_WARN_EMPTY_BODY = YES;
				CLANG_WARN_ENUM_CONVERSION = YES;
				CLANG_WARN_INFINITE_RECURSION = YES;
				CLANG_WARN_INT_CONVERSION = YES;
				CLANG_WARN_NON_LITERAL_NULL_CONVERSION = YES;
				CLANG_WARN_OBJC_IMPLICIT_RETAIN_SELF = YES;
				CLANG_WARN_OBJC_LITERAL_CONVERSION = YES;
				CLANG_WARN_OBJC_ROOT_CLASS = YES_ERROR;
				CLANG_WARN_QUOTED_INCLUDE_IN_FRAMEWORK_HEADER = YES;
				CLANG_WARN_RANGE_LOOP_ANALYSIS = YES;
				CLANG_WARN_STRICT_PROTOTYPES = YES;
				CLANG_WARN_SUSPICIOUS_MOVE = YES;
				CLANG_WARN_UNGUARDED_AVAILABILITY = YES_AGGRESSIVE;
				CLANG_WARN_UNREACHABLE_CODE = YES;
				CLANG_WARN__DUPLICATE_METHOD_MATCH = YES;
				COPY_PHASE_STRIP = NO;
				DEBUG_INFORMATION_FORMAT = dwarf;
				ENABLE_STRICT_OBJC_MSGSEND = YES;
				ENABLE_TESTABILITY = YES;
				ENABLE_USER_SCRIPT_SANDBOXING = YES;
				GCC_C_LANGUAGE_STANDARD = gnu17;
				GCC_DYNAMIC_NO_PIC = NO;
				GCC_NO_COMMON_BLOCKS = YES;
				GCC_OPTIMIZATION_LEVEL = 0;
				GCC_PREPROCESSOR_DEFINITIONS = (
					"DEBUG=1",
					"$(inherited)",
				);
				GCC_WARN_64_TO_32_BIT_CONVERSION = YES;
				GCC_WARN_ABOUT_RETURN_TYPE = YES_ERROR;
				GCC_WARN_UNDECLARED_SELECTOR = YES;
				GCC_WARN_UNINITIALIZED_AUTOS = YES_AGGRESSIVE;
				GCC_WARN_UNUSED_FUNCTION = YES;
				GCC_WARN_UNUSED_VARIABLE = YES;
				IPHONEOS_DEPLOYMENT_TARGET = 17.5;
				LOCALIZATION_PREFERS_STRING_CATALOGS = YES;
				MTL_ENABLE_DEBUG_INFO = INCLUDE_SOURCE;
				MTL_FAST_MATH = YES;
				ONLY_ACTIVE_ARCH = YES;
				SDKROOT = iphoneos;
				SWIFT_ACTIVE_COMPILATION_CONDITIONS = "DEBUG $(inherited)";
				SWIFT_OPTIMIZATION_LEVEL = "-Onone";
			};
			name = Debug;
		};
		5E473AF42C25F4BD00F05C6C /* Release */ = {
			isa = XCBuildConfiguration;
			buildSettings = {
				ALWAYS_SEARCH_USER_PATHS = NO;
				ASSETCATALOG_COMPILER_GENERATE_SWIFT_ASSET_SYMBOL_EXTENSIONS = YES;
				CLANG_ANALYZER_NONNULL = YES;
				CLANG_ANALYZER_NUMBER_OBJECT_CONVERSION = YES_AGGRESSIVE;
				CLANG_CXX_LANGUAGE_STANDARD = "gnu++20";
				CLANG_ENABLE_MODULES = YES;
				CLANG_ENABLE_OBJC_ARC = YES;
				CLANG_ENABLE_OBJC_WEAK = YES;
				CLANG_WARN_BLOCK_CAPTURE_AUTORELEASING = YES;
				CLANG_WARN_BOOL_CONVERSION = YES;
				CLANG_WARN_COMMA = YES;
				CLANG_WARN_CONSTANT_CONVERSION = YES;
				CLANG_WARN_DEPRECATED_OBJC_IMPLEMENTATIONS = YES;
				CLANG_WARN_DIRECT_OBJC_ISA_USAGE = YES_ERROR;
				CLANG_WARN_DOCUMENTATION_COMMENTS = YES;
				CLANG_WARN_EMPTY_BODY = YES;
				CLANG_WARN_ENUM_CONVERSION = YES;
				CLANG_WARN_INFINITE_RECURSION = YES;
				CLANG_WARN_INT_CONVERSION = YES;
				CLANG_WARN_NON_LITERAL_NULL_CONVERSION = YES;
				CLANG_WARN_OBJC_IMPLICIT_RETAIN_SELF = YES;
				CLANG_WARN_OBJC_LITERAL_CONVERSION = YES;
				CLANG_WARN_OBJC_ROOT_CLASS = YES_ERROR;
				CLANG_WARN_QUOTED_INCLUDE_IN_FRAMEWORK_HEADER = YES;
				CLANG_WARN_RANGE_LOOP_ANALYSIS = YES;
				CLANG_WARN_STRICT_PROTOTYPES = YES;
				CLANG_WARN_SUSPICIOUS_MOVE = YES;
				CLANG_WARN_UNGUARDED_AVAILABILITY = YES_AGGRESSIVE;
				CLANG_WARN_UNREACHABLE_CODE = YES;
				CLANG_WARN__DUPLICATE_METHOD_MATCH = YES;
				COPY_PHASE_STRIP = NO;
				DEBUG_INFORMATION_FORMAT = "dwarf-with-dsym";
				ENABLE_NS_ASSERTIONS = NO;
				ENABLE_STRICT_OBJC_MSGSEND = YES;
				ENABLE_USER_SCRIPT_SANDBOXING = YES;
				GCC_C_LANGUAGE_STANDARD = gnu17;
				GCC_NO_COMMON_BLOCKS = YES;
				GCC_WARN_64_TO_32_BIT_CONVERSION = YES;
				GCC_WARN_ABOUT_RETURN_TYPE = YES_ERROR;
				GCC_WARN_UNDECLARED_SELECTOR = YES;
				GCC_WARN_UNINITIALIZED_AUTOS = YES_AGGRESSIVE;
				GCC_WARN_UNUSED_FUNCTION = YES;
				GCC_WARN_UNUSED_VARIABLE = YES;
				IPHONEOS_DEPLOYMENT_TARGET = 17.5;
				LOCALIZATION_PREFERS_STRING_CATALOGS = YES;
				MTL_ENABLE_DEBUG_INFO = NO;
				MTL_FAST_MATH = YES;
				SDKROOT = iphoneos;
				SWIFT_COMPILATION_MODE = wholemodule;
				VALIDATE_PRODUCT = YES;
			};
			name = Release;
		};
		5E473AF62C25F4BD00F05C6C /* Debug */ = {
			isa = XCBuildConfiguration;
			baseConfigurationReference = 1AEB65E786A2CD6F2360D739 /* Pods-PokeDex.debug.xcconfig */;
			buildSettings = {
				ASSETCATALOG_COMPILER_APPICON_NAME = AppIcon;
				ASSETCATALOG_COMPILER_GLOBAL_ACCENT_COLOR_NAME = AccentColor;
				CODE_SIGN_STYLE = Automatic;
				CURRENT_PROJECT_VERSION = 1;
				DEVELOPMENT_TEAM = RFX68PQ935;
				ENABLE_USER_SCRIPT_SANDBOXING = NO;
				GENERATE_INFOPLIST_FILE = YES;
				INFOPLIST_FILE = PokeDex/Info.plist;
				INFOPLIST_KEY_UIApplicationSupportsIndirectInputEvents = YES;
				INFOPLIST_KEY_UILaunchStoryboardName = LaunchScreen;
				INFOPLIST_KEY_UIMainStoryboardFile = Main;
				INFOPLIST_KEY_UISupportedInterfaceOrientations_iPad = "UIInterfaceOrientationPortrait UIInterfaceOrientationPortraitUpsideDown UIInterfaceOrientationLandscapeLeft UIInterfaceOrientationLandscapeRight";
				INFOPLIST_KEY_UISupportedInterfaceOrientations_iPhone = "UIInterfaceOrientationPortrait UIInterfaceOrientationLandscapeLeft UIInterfaceOrientationLandscapeRight";
				LD_RUNPATH_SEARCH_PATHS = (
					"$(inherited)",
					"@executable_path/Frameworks",
				);
				MARKETING_VERSION = 1.0;
				PRODUCT_BUNDLE_IDENTIFIER = salvatore.PokeDex;
				PRODUCT_NAME = "$(TARGET_NAME)";
				SWIFT_EMIT_LOC_STRINGS = YES;
				SWIFT_VERSION = 5.0;
				TARGETED_DEVICE_FAMILY = "1,2";
			};
			name = Debug;
		};
		5E473AF72C25F4BD00F05C6C /* Release */ = {
			isa = XCBuildConfiguration;
			baseConfigurationReference = CE101316A98D53A6EEAB54C2 /* Pods-PokeDex.release.xcconfig */;
			buildSettings = {
				ASSETCATALOG_COMPILER_APPICON_NAME = AppIcon;
				ASSETCATALOG_COMPILER_GLOBAL_ACCENT_COLOR_NAME = AccentColor;
				CODE_SIGN_STYLE = Automatic;
				CURRENT_PROJECT_VERSION = 1;
				DEVELOPMENT_TEAM = RFX68PQ935;
				ENABLE_USER_SCRIPT_SANDBOXING = NO;
				GENERATE_INFOPLIST_FILE = YES;
				INFOPLIST_FILE = PokeDex/Info.plist;
				INFOPLIST_KEY_UIApplicationSupportsIndirectInputEvents = YES;
				INFOPLIST_KEY_UILaunchStoryboardName = LaunchScreen;
				INFOPLIST_KEY_UIMainStoryboardFile = Main;
				INFOPLIST_KEY_UISupportedInterfaceOrientations_iPad = "UIInterfaceOrientationPortrait UIInterfaceOrientationPortraitUpsideDown UIInterfaceOrientationLandscapeLeft UIInterfaceOrientationLandscapeRight";
				INFOPLIST_KEY_UISupportedInterfaceOrientations_iPhone = "UIInterfaceOrientationPortrait UIInterfaceOrientationLandscapeLeft UIInterfaceOrientationLandscapeRight";
				LD_RUNPATH_SEARCH_PATHS = (
					"$(inherited)",
					"@executable_path/Frameworks",
				);
				MARKETING_VERSION = 1.0;
				PRODUCT_BUNDLE_IDENTIFIER = salvatore.PokeDex;
				PRODUCT_NAME = "$(TARGET_NAME)";
				SWIFT_EMIT_LOC_STRINGS = YES;
				SWIFT_VERSION = 5.0;
				TARGETED_DEVICE_FAMILY = "1,2";
			};
			name = Release;
		};
		5E473AF92C25F4BD00F05C6C /* Debug */ = {
			isa = XCBuildConfiguration;
			baseConfigurationReference = 171FEF1CE3DC032E71DF2529 /* Pods-PokeDexTests.debug.xcconfig */;
			buildSettings = {
				BUNDLE_LOADER = "$(TEST_HOST)";
				"CODE_SIGN_IDENTITY[sdk=macosx*]" = "Apple Development";
				CODE_SIGN_STYLE = Automatic;
				CURRENT_PROJECT_VERSION = 1;
				DEVELOPMENT_TEAM = RFX68PQ935;
				GENERATE_INFOPLIST_FILE = YES;
				IPHONEOS_DEPLOYMENT_TARGET = 17.5;
				MARKETING_VERSION = 1.0;
				PRODUCT_BUNDLE_IDENTIFIER = salvatore.raso.PokeDexTests;
				PRODUCT_NAME = "$(TARGET_NAME)";
				SWIFT_EMIT_LOC_STRINGS = NO;
				SWIFT_VERSION = 5.0;
				TARGETED_DEVICE_FAMILY = "1,2";
				TEST_HOST = "$(BUILT_PRODUCTS_DIR)/PokeDex.app/$(BUNDLE_EXECUTABLE_FOLDER_PATH)/PokeDex";
			};
			name = Debug;
		};
		5E473AFA2C25F4BD00F05C6C /* Release */ = {
			isa = XCBuildConfiguration;
			baseConfigurationReference = A93E5E5BA08F41DBDA4D141F /* Pods-PokeDexTests.release.xcconfig */;
			buildSettings = {
				BUNDLE_LOADER = "$(TEST_HOST)";
				"CODE_SIGN_IDENTITY[sdk=macosx*]" = "Apple Development";
				CODE_SIGN_STYLE = Automatic;
				CURRENT_PROJECT_VERSION = 1;
				DEVELOPMENT_TEAM = RFX68PQ935;
				GENERATE_INFOPLIST_FILE = YES;
				IPHONEOS_DEPLOYMENT_TARGET = 17.5;
				MARKETING_VERSION = 1.0;
				PRODUCT_BUNDLE_IDENTIFIER = salvatore.raso.PokeDexTests;
				PRODUCT_NAME = "$(TARGET_NAME)";
				SWIFT_EMIT_LOC_STRINGS = NO;
				SWIFT_VERSION = 5.0;
				TARGETED_DEVICE_FAMILY = "1,2";
				TEST_HOST = "$(BUILT_PRODUCTS_DIR)/PokeDex.app/$(BUNDLE_EXECUTABLE_FOLDER_PATH)/PokeDex";
			};
			name = Release;
		};
		5E473AFC2C25F4BD00F05C6C /* Debug */ = {
			isa = XCBuildConfiguration;
			baseConfigurationReference = 2000331DBACD308FB3FB3A78 /* Pods-PokeDex-PokeDexUITests.debug.xcconfig */;
			buildSettings = {
				CODE_SIGN_STYLE = Automatic;
				CURRENT_PROJECT_VERSION = 1;
				DEVELOPMENT_TEAM = RFX68PQ935;
				GENERATE_INFOPLIST_FILE = YES;
				MARKETING_VERSION = 1.0;
				PRODUCT_BUNDLE_IDENTIFIER = salvatore.raso.PokeDexUITests;
				PRODUCT_NAME = "$(TARGET_NAME)";
				SWIFT_EMIT_LOC_STRINGS = NO;
				SWIFT_VERSION = 5.0;
				TARGETED_DEVICE_FAMILY = "1,2";
				TEST_TARGET_NAME = PokeDex;
			};
			name = Debug;
		};
		5E473AFD2C25F4BD00F05C6C /* Release */ = {
			isa = XCBuildConfiguration;
			baseConfigurationReference = 89D145D226E2FB5678386812 /* Pods-PokeDex-PokeDexUITests.release.xcconfig */;
			buildSettings = {
				CODE_SIGN_STYLE = Automatic;
				CURRENT_PROJECT_VERSION = 1;
				DEVELOPMENT_TEAM = RFX68PQ935;
				GENERATE_INFOPLIST_FILE = YES;
				MARKETING_VERSION = 1.0;
				PRODUCT_BUNDLE_IDENTIFIER = salvatore.raso.PokeDexUITests;
				PRODUCT_NAME = "$(TARGET_NAME)";
				SWIFT_EMIT_LOC_STRINGS = NO;
				SWIFT_VERSION = 5.0;
				TARGETED_DEVICE_FAMILY = "1,2";
				TEST_TARGET_NAME = PokeDex;
			};
			name = Release;
		};
/* End XCBuildConfiguration section */

/* Begin XCConfigurationList section */
		5E473AC62C25F4B900F05C6C /* Build configuration list for PBXProject "PokeDex" */ = {
			isa = XCConfigurationList;
			buildConfigurations = (
				5E473AF32C25F4BD00F05C6C /* Debug */,
				5E473AF42C25F4BD00F05C6C /* Release */,
			);
			defaultConfigurationIsVisible = 0;
			defaultConfigurationName = Release;
		};
		5E473AF52C25F4BD00F05C6C /* Build configuration list for PBXNativeTarget "PokeDex" */ = {
			isa = XCConfigurationList;
			buildConfigurations = (
				5E473AF62C25F4BD00F05C6C /* Debug */,
				5E473AF72C25F4BD00F05C6C /* Release */,
			);
			defaultConfigurationIsVisible = 0;
			defaultConfigurationName = Release;
		};
		5E473AF82C25F4BD00F05C6C /* Build configuration list for PBXNativeTarget "PokeDexTests" */ = {
			isa = XCConfigurationList;
			buildConfigurations = (
				5E473AF92C25F4BD00F05C6C /* Debug */,
				5E473AFA2C25F4BD00F05C6C /* Release */,
			);
			defaultConfigurationIsVisible = 0;
			defaultConfigurationName = Release;
		};
		5E473AFB2C25F4BD00F05C6C /* Build configuration list for PBXNativeTarget "PokeDexUITests" */ = {
			isa = XCConfigurationList;
			buildConfigurations = (
				5E473AFC2C25F4BD00F05C6C /* Debug */,
				5E473AFD2C25F4BD00F05C6C /* Release */,
			);
			defaultConfigurationIsVisible = 0;
			defaultConfigurationName = Release;
		};
/* End XCConfigurationList section */
	};
	rootObject = 5E473AC32C25F4B900F05C6C /* Project object */;
}
