// !$*UTF8*$!
{
	archiveVersion = 1;
	classes = {
	};
	objectVersion = 56;
	objects = {

/* Begin PBXBuildFile section */
		5E473ACF2C25F4B900F05C6C /* AppDelegate.swift in Sources */ = {isa = PBXBuildFile; fileRef = 5E473ACE2C25F4B900F05C6C /* AppDelegate.swift */; };
		5E473AD12C25F4B900F05C6C /* SceneDelegate.swift in Sources */ = {isa = PBXBuildFile; fileRef = 5E473AD02C25F4B900F05C6C /* SceneDelegate.swift */; };
		5E473AD32C25F4B900F05C6C /* ViewController.swift in Sources */ = {isa = PBXBuildFile; fileRef = 5E473AD22C25F4B900F05C6C /* ViewController.swift */; };
		5E473AD62C25F4B900F05C6C /* Base in Resources */ = {isa = PBXBuildFile; fileRef = 5E473AD52C25F4B900F05C6C /* Base */; };
		5E473AD82C25F4BC00F05C6C /* Assets.xcassets in Resources */ = {isa = PBXBuildFile; fileRef = 5E473AD72C25F4BC00F05C6C /* Assets.xcassets */; };
		5E473ADB2C25F4BC00F05C6C /* Base in Resources */ = {isa = PBXBuildFile; fileRef = 5E473ADA2C25F4BC00F05C6C /* Base */; };
		5E473AE62C25F4BC00F05C6C /* PokeDexTests.swift in Sources */ = {isa = PBXBuildFile; fileRef = 5E473AE52C25F4BC00F05C6C /* PokeDexTests.swift */; };
		5E473AF02C25F4BD00F05C6C /* PokeDexUITests.swift in Sources */ = {isa = PBXBuildFile; fileRef = 5E473AEF2C25F4BD00F05C6C /* PokeDexUITests.swift */; };
		5E473AF22C25F4BD00F05C6C /* PokeDexUITestsLaunchTests.swift in Sources */ = {isa = PBXBuildFile; fileRef = 5E473AF12C25F4BD00F05C6C /* PokeDexUITestsLaunchTests.swift */; };
/* End PBXBuildFile section */

/* Begin PBXContainerItemProxy section */
		5E473AE22C25F4BC00F05C6C /* PBXContainerItemProxy */ = {
			isa = PBXContainerItemProxy;
			containerPortal = 5E473AC32C25F4B900F05C6C /* Project object */;
			proxyType = 1;
			remoteGlobalIDString = 5E473ACA2C25F4B900F05C6C;
			remoteInfo = PokeDex;
		};
		5E473AEC2C25F4BD00F05C6C /* PBXContainerItemProxy */ = {
			isa = PBXContainerItemProxy;
			containerPortal = 5E473AC32C25F4B900F05C6C /* Project object */;
			proxyType = 1;
			remoteGlobalIDString = 5E473ACA2C25F4B900F05C6C;
			remoteInfo = PokeDex;
		};
/* End PBXContainerItemProxy section */

/* Begin PBXFileReference section */
		5E473ACB2C25F4B900F05C6C /* PokeDex.app */ = {isa = PBXFileReference; explicitFileType = wrapper.application; includeInIndex = 0; path = PokeDex.app; sourceTree = BUILT_PRODUCTS_DIR; };
		5E473ACE2C25F4B900F05C6C /* AppDelegate.swift */ = {isa = PBXFileReference; lastKnownFileType = sourcecode.swift; path = AppDelegate.swift; sourceTree = "<group>"; };
		5E473AD02C25F4B900F05C6C /* SceneDelegate.swift */ = {isa = PBXFileReference; lastKnownFileType = sourcecode.swift; path = SceneDelegate.swift; sourceTree = "<group>"; };
		5E473AD22C25F4B900F05C6C /* ViewController.swift */ = {isa = PBXFileReference; lastKnownFileType = sourcecode.swift; path = ViewController.swift; sourceTree = "<group>"; };
		5E473AD52C25F4B900F05C6C /* Base */ = {isa = PBXFileReference; lastKnownFileType = file.storyboard; name = Base; path = Base.lproj/Main.storyboard; sourceTree = "<group>"; };
		5E473AD72C25F4BC00F05C6C /* Assets.xcassets */ = {isa = PBXFileReference; lastKnownFileType = folder.assetcatalog; path = Assets.xcassets; sourceTree = "<group>"; };
		5E473ADA2C25F4BC00F05C6C /* Base */ = {isa = PBXFileReference; lastKnownFileType = file.storyboard; name = Base; path = Base.lproj/LaunchScreen.storyboard; sourceTree = "<group>"; };
		5E473ADC2C25F4BC00F05C6C /* Info.plist */ = {isa = PBXFileReference; lastKnownFileType = text.plist.xml; path = Info.plist; sourceTree = "<group>"; };
		5E473AE12C25F4BC00F05C6C /* PokeDexTests.xctest */ = {isa = PBXFileReference; explicitFileType = wrapper.cfbundle; includeInIndex = 0; path = PokeDexTests.xctest; sourceTree = BUILT_PRODUCTS_DIR; };
		5E473AE52C25F4BC00F05C6C /* PokeDexTests.swift */ = {isa = PBXFileReference; lastKnownFileType = sourcecode.swift; path = PokeDexTests.swift; sourceTree = "<group>"; };
		5E473AEB2C25F4BD00F05C6C /* PokeDexUITests.xctest */ = {isa = PBXFileReference; explicitFileType = wrapper.cfbundle; includeInIndex = 0; path = PokeDexUITests.xctest; sourceTree = BUILT_PRODUCTS_DIR; };
		5E473AEF2C25F4BD00F05C6C /* PokeDexUITests.swift */ = {isa = PBXFileReference; lastKnownFileType = sourcecode.swift; path = PokeDexUITests.swift; sourceTree = "<group>"; };
		5E473AF12C25F4BD00F05C6C /* PokeDexUITestsLaunchTests.swift */ = {isa = PBXFileReference; lastKnownFileType = sourcecode.swift; path = PokeDexUITestsLaunchTests.swift; sourceTree = "<group>"; };
/* End PBXFileReference section */

/* Begin PBXFrameworksBuildPhase section */
		5E473AC82C25F4B900F05C6C /* Frameworks */ = {
			isa = PBXFrameworksBuildPhase;
			buildActionMask = 2147483647;
			files = (
			);
			runOnlyForDeploymentPostprocessing = 0;
		};
		5E473ADE2C25F4BC00F05C6C /* Frameworks */ = {
			isa = PBXFrameworksBuildPhase;
			buildActionMask = 2147483647;
			files = (
			);
			runOnlyForDeploymentPostprocessing = 0;
		};
		5E473AE82C25F4BD00F05C6C /* Frameworks */ = {
			isa = PBXFrameworksBuildPhase;
			buildActionMask = 2147483647;
			files = (
			);
			runOnlyForDeploymentPostprocessing = 0;
		};
/* End PBXFrameworksBuildPhase section */

/* Begin PBXGroup section */
		5E473AC22C25F4B900F05C6C = {
			isa = PBXGroup;
			children = (
				5E473ACD2C25F4B900F05C6C /* PokeDex */,
				5E473AE42C25F4BC00F05C6C /* PokeDexTests */,
				5E473AEE2C25F4BD00F05C6C /* PokeDexUITests */,
				5E473ACC2C25F4B900F05C6C /* Products */,
			);
			sourceTree = "<group>";
		};
		5E473ACC2C25F4B900F05C6C /* Products */ = {
			isa = PBXGroup;
			children = (
				5E473ACB2C25F4B900F05C6C /* PokeDex.app */,
				5E473AE12C25F4BC00F05C6C /* PokeDexTests.xctest */,
				5E473AEB2C25F4BD00F05C6C /* PokeDexUITests.xctest */,
			);
			name = Products;
			sourceTree = "<group>";
		};
		5E473ACD2C25F4B900F05C6C /* PokeDex */ = {
			isa = PBXGroup;
			children = (
				5E473ACE2C25F4B900F05C6C /* AppDelegate.swift */,
				5E473AD02C25F4B900F05C6C /* SceneDelegate.swift */,
				5E473AD22C25F4B900F05C6C /* ViewController.swift */,
				5E473AD42C25F4B900F05C6C /* Main.storyboard */,
				5E473AD72C25F4BC00F05C6C /* Assets.xcassets */,
				5E473AD92C25F4BC00F05C6C /* LaunchScreen.storyboard */,
				5E473ADC2C25F4BC00F05C6C /* Info.plist */,
			);
			path = PokeDex;
			sourceTree = "<group>";
		};
		5E473AE42C25F4BC00F05C6C /* PokeDexTests */ = {
			isa = PBXGroup;
			children = (
				5E473AE52C25F4BC00F05C6C /* PokeDexTests.swift */,
			);
			path = PokeDexTests;
			sourceTree = "<group>";
		};
		5E473AEE2C25F4BD00F05C6C /* PokeDexUITests */ = {
			isa = PBXGroup;
			children = (
				5E473AEF2C25F4BD00F05C6C /* PokeDexUITests.swift */,
				5E473AF12C25F4BD00F05C6C /* PokeDexUITestsLaunchTests.swift */,
			);
			path = PokeDexUITests;
			sourceTree = "<group>";
		};
/* End PBXGroup section */

/* Begin PBXNativeTarget section */
		5E473ACA2C25F4B900F05C6C /* PokeDex */ = {
			isa = PBXNativeTarget;
			buildConfigurationList = 5E473AF52C25F4BD00F05C6C /* Build configuration list for PBXNativeTarget "PokeDex" */;
			buildPhases = (
				5E473AC72C25F4B900F05C6C /* Sources */,
				5E473AC82C25F4B900F05C6C /* Frameworks */,
				5E473AC92C25F4B900F05C6C /* Resources */,
			);
			buildRules = (
			);
			dependencies = (
			);
			name = PokeDex;
			productName = PokeDex;
			productReference = 5E473ACB2C25F4B900F05C6C /* PokeDex.app */;
			productType = "com.apple.product-type.application";
		};
		5E473AE02C25F4BC00F05C6C /* PokeDexTests */ = {
			isa = PBXNativeTarget;
			buildConfigurationList = 5E473AF82C25F4BD00F05C6C /* Build configuration list for PBXNativeTarget "PokeDexTests" */;
			buildPhases = (
				5E473ADD2C25F4BC00F05C6C /* Sources */,
				5E473ADE2C25F4BC00F05C6C /* Frameworks */,
				5E473ADF2C25F4BC00F05C6C /* Resources */,
			);
			buildRules = (
			);
			dependencies = (
				5E473AE32C25F4BC00F05C6C /* PBXTargetDependency */,
			);
			name = PokeDexTests;
			productName = PokeDexTests;
			productReference = 5E473AE12C25F4BC00F05C6C /* PokeDexTests.xctest */;
			productType = "com.apple.product-type.bundle.unit-test";
		};
		5E473AEA2C25F4BD00F05C6C /* PokeDexUITests */ = {
			isa = PBXNativeTarget;
			buildConfigurationList = 5E473AFB2C25F4BD00F05C6C /* Build configuration list for PBXNativeTarget "PokeDexUITests" */;
			buildPhases = (
				5E473AE72C25F4BD00F05C6C /* Sources */,
				5E473AE82C25F4BD00F05C6C /* Frameworks */,
				5E473AE92C25F4BD00F05C6C /* Resources */,
			);
			buildRules = (
			);
			dependencies = (
				5E473AED2C25F4BD00F05C6C /* PBXTargetDependency */,
			);
			name = PokeDexUITests;
			productName = PokeDexUITests;
			productReference = 5E473AEB2C25F4BD00F05C6C /* PokeDexUITests.xctest */;
			productType = "com.apple.product-type.bundle.ui-testing";
		};
/* End PBXNativeTarget section */

/* Begin PBXProject section */
		5E473AC32C25F4B900F05C6C /* Project object */ = {
			isa = PBXProject;
			attributes = {
				BuildIndependentTargetsInParallel = 1;
				LastSwiftUpdateCheck = 1540;
				LastUpgradeCheck = 1540;
				TargetAttributes = {
					5E473ACA2C25F4B900F05C6C = {
						CreatedOnToolsVersion = 15.4;
					};
					5E473AE02C25F4BC00F05C6C = {
						CreatedOnToolsVersion = 15.4;
						TestTargetID = 5E473ACA2C25F4B900F05C6C;
					};
					5E473AEA2C25F4BD00F05C6C = {
						CreatedOnToolsVersion = 15.4;
						TestTargetID = 5E473ACA2C25F4B900F05C6C;
					};
				};
			};
			buildConfigurationList = 5E473AC62C25F4B900F05C6C /* Build configuration list for PBXProject "PokeDex" */;
			compatibilityVersion = "Xcode 14.0";
			developmentRegion = en;
			hasScannedForEncodings = 0;
			knownRegions = (
				en,
				Base,
			);
			mainGroup = 5E473AC22C25F4B900F05C6C;
			productRefGroup = 5E473ACC2C25F4B900F05C6C /* Products */;
			projectDirPath = "";
			projectRoot = "";
			targets = (
				5E473ACA2C25F4B900F05C6C /* PokeDex */,
				5E473AE02C25F4BC00F05C6C /* PokeDexTests */,
				5E473AEA2C25F4BD00F05C6C /* PokeDexUITests */,
			);
		};
/* End PBXProject section */

/* Begin PBXResourcesBuildPhase section */
		5E473AC92C25F4B900F05C6C /* Resources */ = {
			isa = PBXResourcesBuildPhase;
			buildActionMask = 2147483647;
			files = (
				5E473AD82C25F4BC00F05C6C /* Assets.xcassets in Resources */,
				5E473ADB2C25F4BC00F05C6C /* Base in Resources */,
				5E473AD62C25F4B900F05C6C /* Base in Resources */,
			);
			runOnlyForDeploymentPostprocessing = 0;
		};
		5E473ADF2C25F4BC00F05C6C /* Resources */ = {
			isa = PBXResourcesBuildPhase;
			buildActionMask = 2147483647;
			files = (
			);
			runOnlyForDeploymentPostprocessing = 0;
		};
		5E473AE92C25F4BD00F05C6C /* Resources */ = {
			isa = PBXResourcesBuildPhase;
			buildActionMask = 2147483647;
			files = (
			);
			runOnlyForDeploymentPostprocessing = 0;
		};
/* End PBXResourcesBuildPhase section */

/* Begin PBXSourcesBuildPhase section */
		5E473AC72C25F4B900F05C6C /* Sources */ = {
			isa = PBXSourcesBuildPhase;
			buildActionMask = 2147483647;
			files = (
				5E473AD32C25F4B900F05C6C /* ViewController.swift in Sources */,
				5E473ACF2C25F4B900F05C6C /* AppDelegate.swift in Sources */,
				5E473AD12C25F4B900F05C6C /* SceneDelegate.swift in Sources */,
			);
			runOnlyForDeploymentPostprocessing = 0;
		};
		5E473ADD2C25F4BC00F05C6C /* Sources */ = {
			isa = PBXSourcesBuildPhase;
			buildActionMask = 2147483647;
			files = (
				5E473AE62C25F4BC00F05C6C /* PokeDexTests.swift in Sources */,
			);
			runOnlyForDeploymentPostprocessing = 0;
		};
		5E473AE72C25F4BD00F05C6C /* Sources */ = {
			isa = PBXSourcesBuildPhase;
			buildActionMask = 2147483647;
			files = (
				5E473AF02C25F4BD00F05C6C /* PokeDexUITests.swift in Sources */,
				5E473AF22C25F4BD00F05C6C /* PokeDexUITestsLaunchTests.swift in Sources */,
			);
			runOnlyForDeploymentPostprocessing = 0;
		};
/* End PBXSourcesBuildPhase section */

/* Begin PBXTargetDependency section */
		5E473AE32C25F4BC00F05C6C /* PBXTargetDependency */ = {
			isa = PBXTargetDependency;
			target = 5E473ACA2C25F4B900F05C6C /* PokeDex */;
			targetProxy = 5E473AE22C25F4BC00F05C6C /* PBXContainerItemProxy */;
		};
		5E473AED2C25F4BD00F05C6C /* PBXTargetDependency */ = {
			isa = PBXTargetDependency;
			target = 5E473ACA2C25F4B900F05C6C /* PokeDex */;
			targetProxy = 5E473AEC2C25F4BD00F05C6C /* PBXContainerItemProxy */;
		};
/* End PBXTargetDependency section */

/* Begin PBXVariantGroup section */
		5E473AD42C25F4B900F05C6C /* Main.storyboard */ = {
			isa = PBXVariantGroup;
			children = (
				5E473AD52C25F4B900F05C6C /* Base */,
			);
			name = Main.storyboard;
			sourceTree = "<group>";
		};
		5E473AD92C25F4BC00F05C6C /* LaunchScreen.storyboard */ = {
			isa = PBXVariantGroup;
			children = (
				5E473ADA2C25F4BC00F05C6C /* Base */,
			);
			name = LaunchScreen.storyboard;
			sourceTree = "<group>";
		};
/* End PBXVariantGroup section */

/* Begin XCBuildConfiguration section */
		5E473AF32C25F4BD00F05C6C /* Debug */ = {
			isa = XCBuildConfiguration;
			buildSettings = {
				ALWAYS_SEARCH_USER_PATHS = NO;
				ASSETCATALOG_COMPILER_GENERATE_SWIFT_ASSET_SYMBOL_EXTENSIONS = YES;
				CLANG_ANALYZER_NONNULL = YES;
				CLANG_ANALYZER_NUMBER_OBJECT_CONVERSION = YES_AGGRESSIVE;
				CLANG_CXX_LANGUAGE_STANDARD = "gnu++20";
				CLANG_ENABLE_MODULES = YES;
				CLANG_ENABLE_OBJC_ARC = YES;
				CLANG_ENABLE_OBJC_WEAK = YES;
				CLANG_WARN_BLOCK_CAPTURE_AUTORELEASING = YES;
				CLANG_WARN_BOOL_CONVERSION = YES;
				CLANG_WARN_COMMA = YES;
				CLANG_WARN_CONSTANT_CONVERSION = YES;
				CLANG_WARN_DEPRECATED_OBJC_IMPLEMENTATIONS = YES;
				CLANG_WARN_DIRECT_OBJC_ISA_USAGE = YES_ERROR;
				CLANG_WARN_DOCUMENTATION_COMMENTS = YES;
				CLANG_WARN_EMPTY_BODY = YES;
				CLANG_WARN_ENUM_CONVERSION = YES;
				CLANG_WARN_INFINITE_RECURSION = YES;
				CLANG_WARN_INT_CONVERSION = YES;
				CLANG_WARN_NON_LITERAL_NULL_CONVERSION = YES;
				CLANG_WARN_OBJC_IMPLICIT_RETAIN_SELF = YES;
				CLANG_WARN_OBJC_LITERAL_CONVERSION = YES;
				CLANG_WARN_OBJC_ROOT_CLASS = YES_ERROR;
				CLANG_WARN_QUOTED_INCLUDE_IN_FRAMEWORK_HEADER = YES;
				CLANG_WARN_RANGE_LOOP_ANALYSIS = YES;
				CLANG_WARN_STRICT_PROTOTYPES = YES;
				CLANG_WARN_SUSPICIOUS_MOVE = YES;
				CLANG_WARN_UNGUARDED_AVAILABILITY = YES_AGGRESSIVE;
				CLANG_WARN_UNREACHABLE_CODE = YES;
				CLANG_WARN__DUPLICATE_METHOD_MATCH = YES;
				COPY_PHASE_STRIP = NO;
				DEBUG_INFORMATION_FORMAT = dwarf;
				ENABLE_STRICT_OBJC_MSGSEND = YES;
				ENABLE_TESTABILITY = YES;
				ENABLE_USER_SCRIPT_SANDBOXING = YES;
				GCC_C_LANGUAGE_STANDARD = gnu17;
				GCC_DYNAMIC_NO_PIC = NO;
				GCC_NO_COMMON_BLOCKS = YES;
				GCC_OPTIMIZATION_LEVEL = 0;
				GCC_PREPROCESSOR_DEFINITIONS = (
					"DEBUG=1",
					"$(inherited)",
				);
				GCC_WARN_64_TO_32_BIT_CONVERSION = YES;
				GCC_WARN_ABOUT_RETURN_TYPE = YES_ERROR;
				GCC_WARN_UNDECLARED_SELECTOR = YES;
				GCC_WARN_UNINITIALIZED_AUTOS = YES_AGGRESSIVE;
				GCC_WARN_UNUSED_FUNCTION = YES;
				GCC_WARN_UNUSED_VARIABLE = YES;
				IPHONEOS_DEPLOYMENT_TARGET = 17.5;
				LOCALIZATION_PREFERS_STRING_CATALOGS = YES;
				MTL_ENABLE_DEBUG_INFO = INCLUDE_SOURCE;
				MTL_FAST_MATH = YES;
				ONLY_ACTIVE_ARCH = YES;
				SDKROOT = iphoneos;
				SWIFT_ACTIVE_COMPILATION_CONDITIONS = "DEBUG $(inherited)";
				SWIFT_OPTIMIZATION_LEVEL = "-Onone";
			};
			name = Debug;
		};
		5E473AF42C25F4BD00F05C6C /* Release */ = {
			isa = XCBuildConfiguration;
			buildSettings = {
				ALWAYS_SEARCH_USER_PATHS = NO;
				ASSETCATALOG_COMPILER_GENERATE_SWIFT_ASSET_SYMBOL_EXTENSIONS = YES;
				CLANG_ANALYZER_NONNULL = YES;
				CLANG_ANALYZER_NUMBER_OBJECT_CONVERSION = YES_AGGRESSIVE;
				CLANG_CXX_LANGUAGE_STANDARD = "gnu++20";
				CLANG_ENABLE_MODULES = YES;
				CLANG_ENABLE_OBJC_ARC = YES;
				CLANG_ENABLE_OBJC_WEAK = YES;
				CLANG_WARN_BLOCK_CAPTURE_AUTORELEASING = YES;
				CLANG_WARN_BOOL_CONVERSION = YES;
				CLANG_WARN_COMMA = YES;
				CLANG_WARN_CONSTANT_CONVERSION = YES;
				CLANG_WARN_DEPRECATED_OBJC_IMPLEMENTATIONS = YES;
				CLANG_WARN_DIRECT_OBJC_ISA_USAGE = YES_ERROR;
				CLANG_WARN_DOCUMENTATION_COMMENTS = YES;
				CLANG_WARN_EMPTY_BODY = YES;
				CLANG_WARN_ENUM_CONVERSION = YES;
				CLANG_WARN_INFINITE_RECURSION = YES;
				CLANG_WARN_INT_CONVERSION = YES;
				CLANG_WARN_NON_LITERAL_NULL_CONVERSION = YES;
				CLANG_WARN_OBJC_IMPLICIT_RETAIN_SELF = YES;
				CLANG_WARN_OBJC_LITERAL_CONVERSION = YES;
				CLANG_WARN_OBJC_ROOT_CLASS = YES_ERROR;
				CLANG_WARN_QUOTED_INCLUDE_IN_FRAMEWORK_HEADER = YES;
				CLANG_WARN_RANGE_LOOP_ANALYSIS = YES;
				CLANG_WARN_STRICT_PROTOTYPES = YES;
				CLANG_WARN_SUSPICIOUS_MOVE = YES;
				CLANG_WARN_UNGUARDED_AVAILABILITY = YES_AGGRESSIVE;
				CLANG_WARN_UNREACHABLE_CODE = YES;
				CLANG_WARN__DUPLICATE_METHOD_MATCH = YES;
				COPY_PHASE_STRIP = NO;
				DEBUG_INFORMATION_FORMAT = "dwarf-with-dsym";
				ENABLE_NS_ASSERTIONS = NO;
				ENABLE_STRICT_OBJC_MSGSEND = YES;
				ENABLE_USER_SCRIPT_SANDBOXING = YES;
				GCC_C_LANGUAGE_STANDARD = gnu17;
				GCC_NO_COMMON_BLOCKS = YES;
				GCC_WARN_64_TO_32_BIT_CONVERSION = YES;
				GCC_WARN_ABOUT_RETURN_TYPE = YES_ERROR;
				GCC_WARN_UNDECLARED_SELECTOR = YES;
				GCC_WARN_UNINITIALIZED_AUTOS = YES_AGGRESSIVE;
				GCC_WARN_UNUSED_FUNCTION = YES;
				GCC_WARN_UNUSED_VARIABLE = YES;
				IPHONEOS_DEPLOYMENT_TARGET = 17.5;
				LOCALIZATION_PREFERS_STRING_CATALOGS = YES;
				MTL_ENABLE_DEBUG_INFO = NO;
				MTL_FAST_MATH = YES;
				SDKROOT = iphoneos;
				SWIFT_COMPILATION_MODE = wholemodule;
				VALIDATE_PRODUCT = YES;
			};
			name = Release;
		};
		5E473AF62C25F4BD00F05C6C /* Debug */ = {
			isa = XCBuildConfiguration;
			buildSettings = {
				ASSETCATALOG_COMPILER_APPICON_NAME = AppIcon;
				ASSETCATALOG_COMPILER_GLOBAL_ACCENT_COLOR_NAME = AccentColor;
				CODE_SIGN_STYLE = Automatic;
				CURRENT_PROJECT_VERSION = 1;
				GENERATE_INFOPLIST_FILE = YES;
				INFOPLIST_FILE = PokeDex/Info.plist;
				INFOPLIST_KEY_UIApplicationSupportsIndirectInputEvents = YES;
				INFOPLIST_KEY_UILaunchStoryboardName = LaunchScreen;
				INFOPLIST_KEY_UIMainStoryboardFile = Main;
				INFOPLIST_KEY_UISupportedInterfaceOrientations_iPad = "UIInterfaceOrientationPortrait UIInterfaceOrientationPortraitUpsideDown UIInterfaceOrientationLandscapeLeft UIInterfaceOrientationLandscapeRight";
				INFOPLIST_KEY_UISupportedInterfaceOrientations_iPhone = "UIInterfaceOrientationPortrait UIInterfaceOrientationLandscapeLeft UIInterfaceOrientationLandscapeRight";
				LD_RUNPATH_SEARCH_PATHS = (
					"$(inherited)",
					"@executable_path/Frameworks",
				);
				MARKETING_VERSION = 1.0;
				PRODUCT_BUNDLE_IDENTIFIER = salvatore.raso.PokeDex;
				PRODUCT_NAME = "$(TARGET_NAME)";
				SWIFT_EMIT_LOC_STRINGS = YES;
				SWIFT_VERSION = 5.0;
				TARGETED_DEVICE_FAMILY = "1,2";
			};
			name = Debug;
		};
		5E473AF72C25F4BD00F05C6C /* Release */ = {
			isa = XCBuildConfiguration;
			buildSettings = {
				ASSETCATALOG_COMPILER_APPICON_NAME = AppIcon;
				ASSETCATALOG_COMPILER_GLOBAL_ACCENT_COLOR_NAME = AccentColor;
				CODE_SIGN_STYLE = Automatic;
				CURRENT_PROJECT_VERSION = 1;
				GENERATE_INFOPLIST_FILE = YES;
				INFOPLIST_FILE = PokeDex/Info.plist;
				INFOPLIST_KEY_UIApplicationSupportsIndirectInputEvents = YES;
				INFOPLIST_KEY_UILaunchStoryboardName = LaunchScreen;
				INFOPLIST_KEY_UIMainStoryboardFile = Main;
				INFOPLIST_KEY_UISupportedInterfaceOrientations_iPad = "UIInterfaceOrientationPortrait UIInterfaceOrientationPortraitUpsideDown UIInterfaceOrientationLandscapeLeft UIInterfaceOrientationLandscapeRight";
				INFOPLIST_KEY_UISupportedInterfaceOrientations_iPhone = "UIInterfaceOrientationPortrait UIInterfaceOrientationLandscapeLeft UIInterfaceOrientationLandscapeRight";
				LD_RUNPATH_SEARCH_PATHS = (
					"$(inherited)",
					"@executable_path/Frameworks",
				);
				MARKETING_VERSION = 1.0;
				PRODUCT_BUNDLE_IDENTIFIER = salvatore.raso.PokeDex;
				PRODUCT_NAME = "$(TARGET_NAME)";
				SWIFT_EMIT_LOC_STRINGS = YES;
				SWIFT_VERSION = 5.0;
				TARGETED_DEVICE_FAMILY = "1,2";
			};
			name = Release;
		};
		5E473AF92C25F4BD00F05C6C /* Debug */ = {
			isa = XCBuildConfiguration;
			buildSettings = {
				ALWAYS_EMBED_SWIFT_STANDARD_LIBRARIES = YES;
				BUNDLE_LOADER = "$(TEST_HOST)";
				CODE_SIGN_STYLE = Automatic;
				CURRENT_PROJECT_VERSION = 1;
				GENERATE_INFOPLIST_FILE = YES;
				IPHONEOS_DEPLOYMENT_TARGET = 17.5;
				MARKETING_VERSION = 1.0;
				PRODUCT_BUNDLE_IDENTIFIER = salvatore.raso.PokeDexTests;
				PRODUCT_NAME = "$(TARGET_NAME)";
				SWIFT_EMIT_LOC_STRINGS = NO;
				SWIFT_VERSION = 5.0;
				TARGETED_DEVICE_FAMILY = "1,2";
				TEST_HOST = "$(BUILT_PRODUCTS_DIR)/PokeDex.app/$(BUNDLE_EXECUTABLE_FOLDER_PATH)/PokeDex";
			};
			name = Debug;
		};
		5E473AFA2C25F4BD00F05C6C /* Release */ = {
			isa = XCBuildConfiguration;
			buildSettings = {
				ALWAYS_EMBED_SWIFT_STANDARD_LIBRARIES = YES;
				BUNDLE_LOADER = "$(TEST_HOST)";
				CODE_SIGN_STYLE = Automatic;
				CURRENT_PROJECT_VERSION = 1;
				GENERATE_INFOPLIST_FILE = YES;
				IPHONEOS_DEPLOYMENT_TARGET = 17.5;
				MARKETING_VERSION = 1.0;
				PRODUCT_BUNDLE_IDENTIFIER = salvatore.raso.PokeDexTests;
				PRODUCT_NAME = "$(TARGET_NAME)";
				SWIFT_EMIT_LOC_STRINGS = NO;
				SWIFT_VERSION = 5.0;
				TARGETED_DEVICE_FAMILY = "1,2";
				TEST_HOST = "$(BUILT_PRODUCTS_DIR)/PokeDex.app/$(BUNDLE_EXECUTABLE_FOLDER_PATH)/PokeDex";
			};
			name = Release;
		};
		5E473AFC2C25F4BD00F05C6C /* Debug */ = {
			isa = XCBuildConfiguration;
			buildSettings = {
				ALWAYS_EMBED_SWIFT_STANDARD_LIBRARIES = YES;
				CODE_SIGN_STYLE = Automatic;
				CURRENT_PROJECT_VERSION = 1;
				GENERATE_INFOPLIST_FILE = YES;
				MARKETING_VERSION = 1.0;
				PRODUCT_BUNDLE_IDENTIFIER = salvatore.raso.PokeDexUITests;
				PRODUCT_NAME = "$(TARGET_NAME)";
				SWIFT_EMIT_LOC_STRINGS = NO;
				SWIFT_VERSION = 5.0;
				TARGETED_DEVICE_FAMILY = "1,2";
				TEST_TARGET_NAME = PokeDex;
			};
			name = Debug;
		};
		5E473AFD2C25F4BD00F05C6C /* Release */ = {
			isa = XCBuildConfiguration;
			buildSettings = {
				ALWAYS_EMBED_SWIFT_STANDARD_LIBRARIES = YES;
				CODE_SIGN_STYLE = Automatic;
				CURRENT_PROJECT_VERSION = 1;
				GENERATE_INFOPLIST_FILE = YES;
				MARKETING_VERSION = 1.0;
				PRODUCT_BUNDLE_IDENTIFIER = salvatore.raso.PokeDexUITests;
				PRODUCT_NAME = "$(TARGET_NAME)";
				SWIFT_EMIT_LOC_STRINGS = NO;
				SWIFT_VERSION = 5.0;
				TARGETED_DEVICE_FAMILY = "1,2";
				TEST_TARGET_NAME = PokeDex;
			};
			name = Release;
		};
/* End XCBuildConfiguration section */

/* Begin XCConfigurationList section */
		5E473AC62C25F4B900F05C6C /* Build configuration list for PBXProject "PokeDex" */ = {
			isa = XCConfigurationList;
			buildConfigurations = (
				5E473AF32C25F4BD00F05C6C /* Debug */,
				5E473AF42C25F4BD00F05C6C /* Release */,
			);
			defaultConfigurationIsVisible = 0;
			defaultConfigurationName = Release;
		};
		5E473AF52C25F4BD00F05C6C /* Build configuration list for PBXNativeTarget "PokeDex" */ = {
			isa = XCConfigurationList;
			buildConfigurations = (
				5E473AF62C25F4BD00F05C6C /* Debug */,
				5E473AF72C25F4BD00F05C6C /* Release */,
			);
			defaultConfigurationIsVisible = 0;
			defaultConfigurationName = Release;
		};
		5E473AF82C25F4BD00F05C6C /* Build configuration list for PBXNativeTarget "PokeDexTests" */ = {
			isa = XCConfigurationList;
			buildConfigurations = (
				5E473AF92C25F4BD00F05C6C /* Debug */,
				5E473AFA2C25F4BD00F05C6C /* Release */,
			);
			defaultConfigurationIsVisible = 0;
			defaultConfigurationName = Release;
		};
		5E473AFB2C25F4BD00F05C6C /* Build configuration list for PBXNativeTarget "PokeDexUITests" */ = {
			isa = XCConfigurationList;
			buildConfigurations = (
				5E473AFC2C25F4BD00F05C6C /* Debug */,
				5E473AFD2C25F4BD00F05C6C /* Release */,
			);
			defaultConfigurationIsVisible = 0;
			defaultConfigurationName = Release;
		};
/* End XCConfigurationList section */
	};
	rootObject = 5E473AC32C25F4B900F05C6C /* Project object */;
}
